
Microsoft Visual Studio Solution File, Format Version 12.00
# Visual Studio Version 17
VisualStudioVersion = 17.2.32630.192
MinimumVisualStudioVersion = 10.0.40219.1
Project("{FAE04EC0-301F-11D3-BF4B-00C04F79EFBC}") = "SellerSense", "InventoryUpdater\SellerSense.csproj", "{88E7BD1C-E813-4FA2-AB85-97FD3F51E7AB}"
EndProject
Project("{FAE04EC0-301F-11D3-BF4B-00C04F79EFBC}") = "Decoders", "Decoders\Decoders.csproj", "{BC99C7EC-F760-4C39-806E-2F8FD2E17CB9}"
EndProject
Project("{FAE04EC0-301F-11D3-BF4B-00C04F79EFBC}") = "ImageSearch", "ImageSearch\ImageSearch.csproj", "{469E5AB8-4F2D-4BA2-9423-70117BA1514A}"
EndProject
Project("{FAE04EC0-301F-11D3-BF4B-00C04F79EFBC}") = "ssViewControls", "ssViewControls\ssViewControls.csproj", "{BF6792B9-AA6F-45E2-B88F-70CB77472B6B}"
EndProject
Project("{FAE04EC0-301F-11D3-BF4B-00C04F79EFBC}") = "TelegramBot", "TelegramBot\TelegramBot.csproj", "{041AB2D6-A445-4074-AAD9-0242B831005D}"
EndProject
Project("{FAE04EC0-301F-11D3-BF4B-00C04F79EFBC}") = "PrimitiveExt", "PrimitiveExt\PrimitiveExt.csproj", "{342C5454-252A-4F7A-81A2-6E4330C7B676}"
EndProject
Project("{FAE04EC0-301F-11D3-BF4B-00C04F79EFBC}") = "ssGrid", "ssGrid\ssGrid.csproj", "{8EDC2DFD-9BE4-4E45-943D-53FE7610CCA8}"
EndProject
Project("{FAE04EC0-301F-11D3-BF4B-00C04F79EFBC}") = "Identity", "Identity\Identity.csproj", "{452F1C2E-EB0F-437D-9A82-5B065DA32BB6}"
EndProject
Project("{FAE04EC0-301F-11D3-BF4B-00C04F79EFBC}") = "Updates", "Updates\Updates.csproj", "{2982D396-D569-4FC4-85E9-9AECA0334AB4}"
EndProject
Global
	GlobalSection(SolutionConfigurationPlatforms) = preSolution
		Debug|Any CPU = Debug|Any CPU
		Debug|ARM64 = Debug|ARM64
		Debug|x64 = Debug|x64
		Debug|x86 = Debug|x86
		DebugWithNoGlobalExeceptions|Any CPU = DebugWithNoGlobalExeceptions|Any CPU
		DebugWithNoGlobalExeceptions|ARM64 = DebugWithNoGlobalExeceptions|ARM64
		DebugWithNoGlobalExeceptions|x64 = DebugWithNoGlobalExeceptions|x64
		DebugWithNoGlobalExeceptions|x86 = DebugWithNoGlobalExeceptions|x86
		Release|Any CPU = Release|Any CPU
		Release|ARM64 = Release|ARM64
		Release|x64 = Release|x64
		Release|x86 = Release|x86
	EndGlobalSection
	GlobalSection(ProjectConfigurationPlatforms) = postSolution
		{88E7BD1C-E813-4FA2-AB85-97FD3F51E7AB}.Debug|Any CPU.ActiveCfg = Debug|Any CPU
		{88E7BD1C-E813-4FA2-AB85-97FD3F51E7AB}.Debug|Any CPU.Build.0 = Debug|Any CPU
		{88E7BD1C-E813-4FA2-AB85-97FD3F51E7AB}.Debug|ARM64.ActiveCfg = Debug|Any CPU
		{88E7BD1C-E813-4FA2-AB85-97FD3F51E7AB}.Debug|ARM64.Build.0 = Debug|Any CPU
		{88E7BD1C-E813-4FA2-AB85-97FD3F51E7AB}.Debug|x64.ActiveCfg = Debug|Any CPU
		{88E7BD1C-E813-4FA2-AB85-97FD3F51E7AB}.Debug|x64.Build.0 = Debug|Any CPU
		{88E7BD1C-E813-4FA2-AB85-97FD3F51E7AB}.Debug|x86.ActiveCfg = Debug|Any CPU
		{88E7BD1C-E813-4FA2-AB85-97FD3F51E7AB}.Debug|x86.Build.0 = Debug|Any CPU
		{88E7BD1C-E813-4FA2-AB85-97FD3F51E7AB}.DebugWithNoGlobalExeceptions|Any CPU.ActiveCfg = DebugWithNoGlobalExeceptions|Any CPU
		{88E7BD1C-E813-4FA2-AB85-97FD3F51E7AB}.DebugWithNoGlobalExeceptions|Any CPU.Build.0 = DebugWithNoGlobalExeceptions|Any CPU
		{88E7BD1C-E813-4FA2-AB85-97FD3F51E7AB}.DebugWithNoGlobalExeceptions|ARM64.ActiveCfg = DebugWithNoGlobalExeceptions|Any CPU
		{88E7BD1C-E813-4FA2-AB85-97FD3F51E7AB}.DebugWithNoGlobalExeceptions|ARM64.Build.0 = DebugWithNoGlobalExeceptions|Any CPU
		{88E7BD1C-E813-4FA2-AB85-97FD3F51E7AB}.DebugWithNoGlobalExeceptions|x64.ActiveCfg = DebugWithNoGlobalExeceptions|Any CPU
		{88E7BD1C-E813-4FA2-AB85-97FD3F51E7AB}.DebugWithNoGlobalExeceptions|x64.Build.0 = DebugWithNoGlobalExeceptions|Any CPU
		{88E7BD1C-E813-4FA2-AB85-97FD3F51E7AB}.DebugWithNoGlobalExeceptions|x86.ActiveCfg = DebugWithNoGlobalExeceptions|Any CPU
		{88E7BD1C-E813-4FA2-AB85-97FD3F51E7AB}.DebugWithNoGlobalExeceptions|x86.Build.0 = DebugWithNoGlobalExeceptions|Any CPU
		{88E7BD1C-E813-4FA2-AB85-97FD3F51E7AB}.Release|Any CPU.ActiveCfg = Release|Any CPU
		{88E7BD1C-E813-4FA2-AB85-97FD3F51E7AB}.Release|Any CPU.Build.0 = Release|Any CPU
		{88E7BD1C-E813-4FA2-AB85-97FD3F51E7AB}.Release|ARM64.ActiveCfg = Release|Any CPU
		{88E7BD1C-E813-4FA2-AB85-97FD3F51E7AB}.Release|ARM64.Build.0 = Release|Any CPU
		{88E7BD1C-E813-4FA2-AB85-97FD3F51E7AB}.Release|x64.ActiveCfg = Release|Any CPU
		{88E7BD1C-E813-4FA2-AB85-97FD3F51E7AB}.Release|x64.Build.0 = Release|Any CPU
		{88E7BD1C-E813-4FA2-AB85-97FD3F51E7AB}.Release|x86.ActiveCfg = Release|Any CPU
		{88E7BD1C-E813-4FA2-AB85-97FD3F51E7AB}.Release|x86.Build.0 = Release|Any CPU
		{BC99C7EC-F760-4C39-806E-2F8FD2E17CB9}.Debug|Any CPU.ActiveCfg = Debug|Any CPU
		{BC99C7EC-F760-4C39-806E-2F8FD2E17CB9}.Debug|Any CPU.Build.0 = Debug|Any CPU
		{BC99C7EC-F760-4C39-806E-2F8FD2E17CB9}.Debug|ARM64.ActiveCfg = Debug|Any CPU
		{BC99C7EC-F760-4C39-806E-2F8FD2E17CB9}.Debug|ARM64.Build.0 = Debug|Any CPU
		{BC99C7EC-F760-4C39-806E-2F8FD2E17CB9}.Debug|x64.ActiveCfg = Debug|Any CPU
		{BC99C7EC-F760-4C39-806E-2F8FD2E17CB9}.Debug|x64.Build.0 = Debug|Any CPU
		{BC99C7EC-F760-4C39-806E-2F8FD2E17CB9}.Debug|x86.ActiveCfg = Debug|Any CPU
		{BC99C7EC-F760-4C39-806E-2F8FD2E17CB9}.Debug|x86.Build.0 = Debug|Any CPU
		{BC99C7EC-F760-4C39-806E-2F8FD2E17CB9}.DebugWithNoGlobalExeceptions|Any CPU.ActiveCfg = DebugWithNoGlobalExeceptions|Any CPU
		{BC99C7EC-F760-4C39-806E-2F8FD2E17CB9}.DebugWithNoGlobalExeceptions|Any CPU.Build.0 = DebugWithNoGlobalExeceptions|Any CPU
		{BC99C7EC-F760-4C39-806E-2F8FD2E17CB9}.DebugWithNoGlobalExeceptions|ARM64.ActiveCfg = DebugWithNoGlobalExeceptions|Any CPU
		{BC99C7EC-F760-4C39-806E-2F8FD2E17CB9}.DebugWithNoGlobalExeceptions|ARM64.Build.0 = DebugWithNoGlobalExeceptions|Any CPU
		{BC99C7EC-F760-4C39-806E-2F8FD2E17CB9}.DebugWithNoGlobalExeceptions|x64.ActiveCfg = DebugWithNoGlobalExeceptions|Any CPU
		{BC99C7EC-F760-4C39-806E-2F8FD2E17CB9}.DebugWithNoGlobalExeceptions|x64.Build.0 = DebugWithNoGlobalExeceptions|Any CPU
		{BC99C7EC-F760-4C39-806E-2F8FD2E17CB9}.DebugWithNoGlobalExeceptions|x86.ActiveCfg = DebugWithNoGlobalExeceptions|Any CPU
		{BC99C7EC-F760-4C39-806E-2F8FD2E17CB9}.DebugWithNoGlobalExeceptions|x86.Build.0 = DebugWithNoGlobalExeceptions|Any CPU
		{BC99C7EC-F760-4C39-806E-2F8FD2E17CB9}.Release|Any CPU.ActiveCfg = Release|Any CPU
		{BC99C7EC-F760-4C39-806E-2F8FD2E17CB9}.Release|Any CPU.Build.0 = Release|Any CPU
		{BC99C7EC-F760-4C39-806E-2F8FD2E17CB9}.Release|ARM64.ActiveCfg = Release|Any CPU
		{BC99C7EC-F760-4C39-806E-2F8FD2E17CB9}.Release|ARM64.Build.0 = Release|Any CPU
		{BC99C7EC-F760-4C39-806E-2F8FD2E17CB9}.Release|x64.ActiveCfg = Release|Any CPU
		{BC99C7EC-F760-4C39-806E-2F8FD2E17CB9}.Release|x64.Build.0 = Release|Any CPU
		{BC99C7EC-F760-4C39-806E-2F8FD2E17CB9}.Release|x86.ActiveCfg = Release|Any CPU
		{BC99C7EC-F760-4C39-806E-2F8FD2E17CB9}.Release|x86.Build.0 = Release|Any CPU
		{469E5AB8-4F2D-4BA2-9423-70117BA1514A}.Debug|Any CPU.ActiveCfg = Debug|Any CPU
		{469E5AB8-4F2D-4BA2-9423-70117BA1514A}.Debug|Any CPU.Build.0 = Debug|Any CPU
		{469E5AB8-4F2D-4BA2-9423-70117BA1514A}.Debug|ARM64.ActiveCfg = Debug|Any CPU
		{469E5AB8-4F2D-4BA2-9423-70117BA1514A}.Debug|ARM64.Build.0 = Debug|Any CPU
		{469E5AB8-4F2D-4BA2-9423-70117BA1514A}.Debug|x64.ActiveCfg = Debug|Any CPU
		{469E5AB8-4F2D-4BA2-9423-70117BA1514A}.Debug|x64.Build.0 = Debug|Any CPU
		{469E5AB8-4F2D-4BA2-9423-70117BA1514A}.Debug|x86.ActiveCfg = Debug|Any CPU
		{469E5AB8-4F2D-4BA2-9423-70117BA1514A}.Debug|x86.Build.0 = Debug|Any CPU
		{469E5AB8-4F2D-4BA2-9423-70117BA1514A}.DebugWithNoGlobalExeceptions|Any CPU.ActiveCfg = DebugWithNoGlobalExeceptions|Any CPU
		{469E5AB8-4F2D-4BA2-9423-70117BA1514A}.DebugWithNoGlobalExeceptions|Any CPU.Build.0 = DebugWithNoGlobalExeceptions|Any CPU
		{469E5AB8-4F2D-4BA2-9423-70117BA1514A}.DebugWithNoGlobalExeceptions|ARM64.ActiveCfg = DebugWithNoGlobalExeceptions|Any CPU
		{469E5AB8-4F2D-4BA2-9423-70117BA1514A}.DebugWithNoGlobalExeceptions|ARM64.Build.0 = DebugWithNoGlobalExeceptions|Any CPU
		{469E5AB8-4F2D-4BA2-9423-70117BA1514A}.DebugWithNoGlobalExeceptions|x64.ActiveCfg = DebugWithNoGlobalExeceptions|Any CPU
		{469E5AB8-4F2D-4BA2-9423-70117BA1514A}.DebugWithNoGlobalExeceptions|x64.Build.0 = DebugWithNoGlobalExeceptions|Any CPU
		{469E5AB8-4F2D-4BA2-9423-70117BA1514A}.DebugWithNoGlobalExeceptions|x86.ActiveCfg = DebugWithNoGlobalExeceptions|Any CPU
		{469E5AB8-4F2D-4BA2-9423-70117BA1514A}.DebugWithNoGlobalExeceptions|x86.Build.0 = DebugWithNoGlobalExeceptions|Any CPU
		{469E5AB8-4F2D-4BA2-9423-70117BA1514A}.Release|Any CPU.ActiveCfg = Release|Any CPU
		{469E5AB8-4F2D-4BA2-9423-70117BA1514A}.Release|Any CPU.Build.0 = Release|Any CPU
		{469E5AB8-4F2D-4BA2-9423-70117BA1514A}.Release|ARM64.ActiveCfg = Release|Any CPU
		{469E5AB8-4F2D-4BA2-9423-70117BA1514A}.Release|ARM64.Build.0 = Release|Any CPU
		{469E5AB8-4F2D-4BA2-9423-70117BA1514A}.Release|x64.ActiveCfg = Release|Any CPU
		{469E5AB8-4F2D-4BA2-9423-70117BA1514A}.Release|x64.Build.0 = Release|Any CPU
		{469E5AB8-4F2D-4BA2-9423-70117BA1514A}.Release|x86.ActiveCfg = Release|Any CPU
		{469E5AB8-4F2D-4BA2-9423-70117BA1514A}.Release|x86.Build.0 = Release|Any CPU
		{BF6792B9-AA6F-45E2-B88F-70CB77472B6B}.Debug|Any CPU.ActiveCfg = Debug|Any CPU
		{BF6792B9-AA6F-45E2-B88F-70CB77472B6B}.Debug|Any CPU.Build.0 = Debug|Any CPU
		{BF6792B9-AA6F-45E2-B88F-70CB77472B6B}.Debug|ARM64.ActiveCfg = Debug|Any CPU
		{BF6792B9-AA6F-45E2-B88F-70CB77472B6B}.Debug|ARM64.Build.0 = Debug|Any CPU
		{BF6792B9-AA6F-45E2-B88F-70CB77472B6B}.Debug|x64.ActiveCfg = Debug|Any CPU
		{BF6792B9-AA6F-45E2-B88F-70CB77472B6B}.Debug|x64.Build.0 = Debug|Any CPU
		{BF6792B9-AA6F-45E2-B88F-70CB77472B6B}.Debug|x86.ActiveCfg = Debug|Any CPU
		{BF6792B9-AA6F-45E2-B88F-70CB77472B6B}.Debug|x86.Build.0 = Debug|Any CPU
		{BF6792B9-AA6F-45E2-B88F-70CB77472B6B}.DebugWithNoGlobalExeceptions|Any CPU.ActiveCfg = DebugWithNoGlobalExeceptions|Any CPU
		{BF6792B9-AA6F-45E2-B88F-70CB77472B6B}.DebugWithNoGlobalExeceptions|Any CPU.Build.0 = DebugWithNoGlobalExeceptions|Any CPU
		{BF6792B9-AA6F-45E2-B88F-70CB77472B6B}.DebugWithNoGlobalExeceptions|ARM64.ActiveCfg = DebugWithNoGlobalExeceptions|Any CPU
		{BF6792B9-AA6F-45E2-B88F-70CB77472B6B}.DebugWithNoGlobalExeceptions|ARM64.Build.0 = DebugWithNoGlobalExeceptions|Any CPU
		{BF6792B9-AA6F-45E2-B88F-70CB77472B6B}.DebugWithNoGlobalExeceptions|x64.ActiveCfg = DebugWithNoGlobalExeceptions|Any CPU
		{BF6792B9-AA6F-45E2-B88F-70CB77472B6B}.DebugWithNoGlobalExeceptions|x64.Build.0 = DebugWithNoGlobalExeceptions|Any CPU
		{BF6792B9-AA6F-45E2-B88F-70CB77472B6B}.DebugWithNoGlobalExeceptions|x86.ActiveCfg = DebugWithNoGlobalExeceptions|Any CPU
		{BF6792B9-AA6F-45E2-B88F-70CB77472B6B}.DebugWithNoGlobalExeceptions|x86.Build.0 = DebugWithNoGlobalExeceptions|Any CPU
		{BF6792B9-AA6F-45E2-B88F-70CB77472B6B}.Release|Any CPU.ActiveCfg = Release|Any CPU
		{BF6792B9-AA6F-45E2-B88F-70CB77472B6B}.Release|Any CPU.Build.0 = Release|Any CPU
		{BF6792B9-AA6F-45E2-B88F-70CB77472B6B}.Release|ARM64.ActiveCfg = Release|Any CPU
		{BF6792B9-AA6F-45E2-B88F-70CB77472B6B}.Release|ARM64.Build.0 = Release|Any CPU
		{BF6792B9-AA6F-45E2-B88F-70CB77472B6B}.Release|x64.ActiveCfg = Release|Any CPU
		{BF6792B9-AA6F-45E2-B88F-70CB77472B6B}.Release|x64.Build.0 = Release|Any CPU
		{BF6792B9-AA6F-45E2-B88F-70CB77472B6B}.Release|x86.ActiveCfg = Release|Any CPU
		{BF6792B9-AA6F-45E2-B88F-70CB77472B6B}.Release|x86.Build.0 = Release|Any CPU
		{041AB2D6-A445-4074-AAD9-0242B831005D}.Debug|Any CPU.ActiveCfg = Debug|Any CPU
		{041AB2D6-A445-4074-AAD9-0242B831005D}.Debug|Any CPU.Build.0 = Debug|Any CPU
		{041AB2D6-A445-4074-AAD9-0242B831005D}.Debug|ARM64.ActiveCfg = Debug|Any CPU
		{041AB2D6-A445-4074-AAD9-0242B831005D}.Debug|ARM64.Build.0 = Debug|Any CPU
		{041AB2D6-A445-4074-AAD9-0242B831005D}.Debug|x64.ActiveCfg = Debug|Any CPU
		{041AB2D6-A445-4074-AAD9-0242B831005D}.Debug|x64.Build.0 = Debug|Any CPU
		{041AB2D6-A445-4074-AAD9-0242B831005D}.Debug|x86.ActiveCfg = Debug|Any CPU
		{041AB2D6-A445-4074-AAD9-0242B831005D}.Debug|x86.Build.0 = Debug|Any CPU
		{041AB2D6-A445-4074-AAD9-0242B831005D}.DebugWithNoGlobalExeceptions|Any CPU.ActiveCfg = Debug|Any CPU
		{041AB2D6-A445-4074-AAD9-0242B831005D}.DebugWithNoGlobalExeceptions|Any CPU.Build.0 = Debug|Any CPU
		{041AB2D6-A445-4074-AAD9-0242B831005D}.DebugWithNoGlobalExeceptions|ARM64.ActiveCfg = Debug|Any CPU
		{041AB2D6-A445-4074-AAD9-0242B831005D}.DebugWithNoGlobalExeceptions|ARM64.Build.0 = Debug|Any CPU
		{041AB2D6-A445-4074-AAD9-0242B831005D}.DebugWithNoGlobalExeceptions|x64.ActiveCfg = Debug|Any CPU
		{041AB2D6-A445-4074-AAD9-0242B831005D}.DebugWithNoGlobalExeceptions|x64.Build.0 = Debug|Any CPU
		{041AB2D6-A445-4074-AAD9-0242B831005D}.DebugWithNoGlobalExeceptions|x86.ActiveCfg = Debug|Any CPU
		{041AB2D6-A445-4074-AAD9-0242B831005D}.DebugWithNoGlobalExeceptions|x86.Build.0 = Debug|Any CPU
		{041AB2D6-A445-4074-AAD9-0242B831005D}.Release|Any CPU.ActiveCfg = Release|Any CPU
		{041AB2D6-A445-4074-AAD9-0242B831005D}.Release|Any CPU.Build.0 = Release|Any CPU
		{041AB2D6-A445-4074-AAD9-0242B831005D}.Release|ARM64.ActiveCfg = Release|Any CPU
		{041AB2D6-A445-4074-AAD9-0242B831005D}.Release|ARM64.Build.0 = Release|Any CPU
		{041AB2D6-A445-4074-AAD9-0242B831005D}.Release|x64.ActiveCfg = Release|Any CPU
		{041AB2D6-A445-4074-AAD9-0242B831005D}.Release|x64.Build.0 = Release|Any CPU
		{041AB2D6-A445-4074-AAD9-0242B831005D}.Release|x86.ActiveCfg = Release|Any CPU
		{041AB2D6-A445-4074-AAD9-0242B831005D}.Release|x86.Build.0 = Release|Any CPU
		{342C5454-252A-4F7A-81A2-6E4330C7B676}.Debug|Any CPU.ActiveCfg = Debug|Any CPU
		{342C5454-252A-4F7A-81A2-6E4330C7B676}.Debug|Any CPU.Build.0 = Debug|Any CPU
		{342C5454-252A-4F7A-81A2-6E4330C7B676}.Debug|ARM64.ActiveCfg = Debug|Any CPU
		{342C5454-252A-4F7A-81A2-6E4330C7B676}.Debug|ARM64.Build.0 = Debug|Any CPU
		{342C5454-252A-4F7A-81A2-6E4330C7B676}.Debug|x64.ActiveCfg = Debug|Any CPU
		{342C5454-252A-4F7A-81A2-6E4330C7B676}.Debug|x64.Build.0 = Debug|Any CPU
		{342C5454-252A-4F7A-81A2-6E4330C7B676}.Debug|x86.ActiveCfg = Debug|Any CPU
		{342C5454-252A-4F7A-81A2-6E4330C7B676}.Debug|x86.Build.0 = Debug|Any CPU
		{342C5454-252A-4F7A-81A2-6E4330C7B676}.DebugWithNoGlobalExeceptions|Any CPU.ActiveCfg = Debug|Any CPU
		{342C5454-252A-4F7A-81A2-6E4330C7B676}.DebugWithNoGlobalExeceptions|Any CPU.Build.0 = Debug|Any CPU
		{342C5454-252A-4F7A-81A2-6E4330C7B676}.DebugWithNoGlobalExeceptions|ARM64.ActiveCfg = Debug|Any CPU
		{342C5454-252A-4F7A-81A2-6E4330C7B676}.DebugWithNoGlobalExeceptions|ARM64.Build.0 = Debug|Any CPU
		{342C5454-252A-4F7A-81A2-6E4330C7B676}.DebugWithNoGlobalExeceptions|x64.ActiveCfg = Debug|Any CPU
		{342C5454-252A-4F7A-81A2-6E4330C7B676}.DebugWithNoGlobalExeceptions|x64.Build.0 = Debug|Any CPU
		{342C5454-252A-4F7A-81A2-6E4330C7B676}.DebugWithNoGlobalExeceptions|x86.ActiveCfg = Debug|Any CPU
		{342C5454-252A-4F7A-81A2-6E4330C7B676}.DebugWithNoGlobalExeceptions|x86.Build.0 = Debug|Any CPU
		{342C5454-252A-4F7A-81A2-6E4330C7B676}.Release|Any CPU.ActiveCfg = Release|Any CPU
		{342C5454-252A-4F7A-81A2-6E4330C7B676}.Release|Any CPU.Build.0 = Release|Any CPU
		{342C5454-252A-4F7A-81A2-6E4330C7B676}.Release|ARM64.ActiveCfg = Release|Any CPU
		{342C5454-252A-4F7A-81A2-6E4330C7B676}.Release|ARM64.Build.0 = Release|Any CPU
		{342C5454-252A-4F7A-81A2-6E4330C7B676}.Release|x64.ActiveCfg = Release|Any CPU
		{342C5454-252A-4F7A-81A2-6E4330C7B676}.Release|x64.Build.0 = Release|Any CPU
		{342C5454-252A-4F7A-81A2-6E4330C7B676}.Release|x86.ActiveCfg = Release|Any CPU
		{342C5454-252A-4F7A-81A2-6E4330C7B676}.Release|x86.Build.0 = Release|Any CPU
		{8EDC2DFD-9BE4-4E45-943D-53FE7610CCA8}.Debug|Any CPU.ActiveCfg = Debug|Any CPU
		{8EDC2DFD-9BE4-4E45-943D-53FE7610CCA8}.Debug|Any CPU.Build.0 = Debug|Any CPU
		{8EDC2DFD-9BE4-4E45-943D-53FE7610CCA8}.Debug|ARM64.ActiveCfg = Debug|Any CPU
		{8EDC2DFD-9BE4-4E45-943D-53FE7610CCA8}.Debug|ARM64.Build.0 = Debug|Any CPU
		{8EDC2DFD-9BE4-4E45-943D-53FE7610CCA8}.Debug|x64.ActiveCfg = Debug|Any CPU
		{8EDC2DFD-9BE4-4E45-943D-53FE7610CCA8}.Debug|x64.Build.0 = Debug|Any CPU
		{8EDC2DFD-9BE4-4E45-943D-53FE7610CCA8}.Debug|x86.ActiveCfg = Debug|Any CPU
		{8EDC2DFD-9BE4-4E45-943D-53FE7610CCA8}.Debug|x86.Build.0 = Debug|Any CPU
		{8EDC2DFD-9BE4-4E45-943D-53FE7610CCA8}.DebugWithNoGlobalExeceptions|Any CPU.ActiveCfg = Debug|Any CPU
		{8EDC2DFD-9BE4-4E45-943D-53FE7610CCA8}.DebugWithNoGlobalExeceptions|Any CPU.Build.0 = Debug|Any CPU
		{8EDC2DFD-9BE4-4E45-943D-53FE7610CCA8}.DebugWithNoGlobalExeceptions|ARM64.ActiveCfg = Debug|Any CPU
		{8EDC2DFD-9BE4-4E45-943D-53FE7610CCA8}.DebugWithNoGlobalExeceptions|ARM64.Build.0 = Debug|Any CPU
		{8EDC2DFD-9BE4-4E45-943D-53FE7610CCA8}.DebugWithNoGlobalExeceptions|x64.ActiveCfg = Debug|Any CPU
		{8EDC2DFD-9BE4-4E45-943D-53FE7610CCA8}.DebugWithNoGlobalExeceptions|x64.Build.0 = Debug|Any CPU
		{8EDC2DFD-9BE4-4E45-943D-53FE7610CCA8}.DebugWithNoGlobalExeceptions|x86.ActiveCfg = Debug|Any CPU
		{8EDC2DFD-9BE4-4E45-943D-53FE7610CCA8}.DebugWithNoGlobalExeceptions|x86.Build.0 = Debug|Any CPU
		{8EDC2DFD-9BE4-4E45-943D-53FE7610CCA8}.Release|Any CPU.ActiveCfg = Release|Any CPU
		{8EDC2DFD-9BE4-4E45-943D-53FE7610CCA8}.Release|Any CPU.Build.0 = Release|Any CPU
		{8EDC2DFD-9BE4-4E45-943D-53FE7610CCA8}.Release|ARM64.ActiveCfg = Release|Any CPU
		{8EDC2DFD-9BE4-4E45-943D-53FE7610CCA8}.Release|ARM64.Build.0 = Release|Any CPU
		{8EDC2DFD-9BE4-4E45-943D-53FE7610CCA8}.Release|x64.ActiveCfg = Release|Any CPU
		{8EDC2DFD-9BE4-4E45-943D-53FE7610CCA8}.Release|x64.Build.0 = Release|Any CPU
		{8EDC2DFD-9BE4-4E45-943D-53FE7610CCA8}.Release|x86.ActiveCfg = Release|Any CPU
		{8EDC2DFD-9BE4-4E45-943D-53FE7610CCA8}.Release|x86.Build.0 = Release|Any CPU
		{452F1C2E-EB0F-437D-9A82-5B065DA32BB6}.Debug|Any CPU.ActiveCfg = Debug|Any CPU
		{452F1C2E-EB0F-437D-9A82-5B065DA32BB6}.Debug|Any CPU.Build.0 = Debug|Any CPU
		{452F1C2E-EB0F-437D-9A82-5B065DA32BB6}.Debug|ARM64.ActiveCfg = Debug|Any CPU
		{452F1C2E-EB0F-437D-9A82-5B065DA32BB6}.Debug|ARM64.Build.0 = Debug|Any CPU
		{452F1C2E-EB0F-437D-9A82-5B065DA32BB6}.Debug|x64.ActiveCfg = Debug|Any CPU
		{452F1C2E-EB0F-437D-9A82-5B065DA32BB6}.Debug|x64.Build.0 = Debug|Any CPU
		{452F1C2E-EB0F-437D-9A82-5B065DA32BB6}.Debug|x86.ActiveCfg = Debug|Any CPU
		{452F1C2E-EB0F-437D-9A82-5B065DA32BB6}.Debug|x86.Build.0 = Debug|Any CPU
		{452F1C2E-EB0F-437D-9A82-5B065DA32BB6}.DebugWithNoGlobalExeceptions|Any CPU.ActiveCfg = Debug|Any CPU
		{452F1C2E-EB0F-437D-9A82-5B065DA32BB6}.DebugWithNoGlobalExeceptions|Any CPU.Build.0 = Debug|Any CPU
		{452F1C2E-EB0F-437D-9A82-5B065DA32BB6}.DebugWithNoGlobalExeceptions|ARM64.ActiveCfg = Debug|Any CPU
		{452F1C2E-EB0F-437D-9A82-5B065DA32BB6}.DebugWithNoGlobalExeceptions|ARM64.Build.0 = Debug|Any CPU
		{452F1C2E-EB0F-437D-9A82-5B065DA32BB6}.DebugWithNoGlobalExeceptions|x64.ActiveCfg = Debug|Any CPU
		{452F1C2E-EB0F-437D-9A82-5B065DA32BB6}.DebugWithNoGlobalExeceptions|x64.Build.0 = Debug|Any CPU
		{452F1C2E-EB0F-437D-9A82-5B065DA32BB6}.DebugWithNoGlobalExeceptions|x86.ActiveCfg = Debug|Any CPU
		{452F1C2E-EB0F-437D-9A82-5B065DA32BB6}.DebugWithNoGlobalExeceptions|x86.Build.0 = Debug|Any CPU
		{452F1C2E-EB0F-437D-9A82-5B065DA32BB6}.Release|Any CPU.ActiveCfg = Release|Any CPU
		{452F1C2E-EB0F-437D-9A82-5B065DA32BB6}.Release|Any CPU.Build.0 = Release|Any CPU
		{452F1C2E-EB0F-437D-9A82-5B065DA32BB6}.Release|ARM64.ActiveCfg = Release|Any CPU
		{452F1C2E-EB0F-437D-9A82-5B065DA32BB6}.Release|ARM64.Build.0 = Release|Any CPU
		{452F1C2E-EB0F-437D-9A82-5B065DA32BB6}.Release|x64.ActiveCfg = Release|Any CPU
		{452F1C2E-EB0F-437D-9A82-5B065DA32BB6}.Release|x64.Build.0 = Release|Any CPU
		{452F1C2E-EB0F-437D-9A82-5B065DA32BB6}.Release|x86.ActiveCfg = Release|Any CPU
		{452F1C2E-EB0F-437D-9A82-5B065DA32BB6}.Release|x86.Build.0 = Release|Any CPU
		{2982D396-D569-4FC4-85E9-9AECA0334AB4}.Debug|Any CPU.ActiveCfg = Debug|Any CPU
		{2982D396-D569-4FC4-85E9-9AECA0334AB4}.Debug|Any CPU.Build.0 = Debug|Any CPU
		{2982D396-D569-4FC4-85E9-9AECA0334AB4}.Debug|ARM64.ActiveCfg = Debug|Any CPU
		{2982D396-D569-4FC4-85E9-9AECA0334AB4}.Debug|ARM64.Build.0 = Debug|Any CPU
		{2982D396-D569-4FC4-85E9-9AECA0334AB4}.Debug|x64.ActiveCfg = Debug|Any CPU
		{2982D396-D569-4FC4-85E9-9AECA0334AB4}.Debug|x64.Build.0 = Debug|Any CPU
		{2982D396-D569-4FC4-85E9-9AECA0334AB4}.Debug|x86.ActiveCfg = Debug|Any CPU
		{2982D396-D569-4FC4-85E9-9AECA0334AB4}.Debug|x86.Build.0 = Debug|Any CPU
		{2982D396-D569-4FC4-85E9-9AECA0334AB4}.DebugWithNoGlobalExeceptions|Any CPU.ActiveCfg = Debug|Any CPU
		{2982D396-D569-4FC4-85E9-9AECA0334AB4}.DebugWithNoGlobalExeceptions|Any CPU.Build.0 = Debug|Any CPU
		{2982D396-D569-4FC4-85E9-9AECA0334AB4}.DebugWithNoGlobalExeceptions|ARM64.ActiveCfg = Debug|Any CPU
		{2982D396-D569-4FC4-85E9-9AECA0334AB4}.DebugWithNoGlobalExeceptions|ARM64.Build.0 = Debug|Any CPU
		{2982D396-D569-4FC4-85E9-9AECA0334AB4}.DebugWithNoGlobalExeceptions|x64.ActiveCfg = Debug|Any CPU
		{2982D396-D569-4FC4-85E9-9AECA0334AB4}.DebugWithNoGlobalExeceptions|x64.Build.0 = Debug|Any CPU
		{2982D396-D569-4FC4-85E9-9AECA0334AB4}.DebugWithNoGlobalExeceptions|x86.ActiveCfg = Debug|Any CPU
		{2982D396-D569-4FC4-85E9-9AECA0334AB4}.DebugWithNoGlobalExeceptions|x86.Build.0 = Debug|Any CPU
		{2982D396-D569-4FC4-85E9-9AECA0334AB4}.Release|Any CPU.ActiveCfg = Release|Any CPU
		{2982D396-D569-4FC4-85E9-9AECA0334AB4}.Release|Any CPU.Build.0 = Release|Any CPU
		{2982D396-D569-4FC4-85E9-9AECA0334AB4}.Release|ARM64.ActiveCfg = Release|Any CPU
		{2982D396-D569-4FC4-85E9-9AECA0334AB4}.Release|ARM64.Build.0 = Release|Any CPU
		{2982D396-D569-4FC4-85E9-9AECA0334AB4}.Release|x64.ActiveCfg = Release|Any CPU
		{2982D396-D569-4FC4-85E9-9AECA0334AB4}.Release|x64.Build.0 = Release|Any CPU
		{2982D396-D569-4FC4-85E9-9AECA0334AB4}.Release|x86.ActiveCfg = Release|Any CPU
		{2982D396-D569-4FC4-85E9-9AECA0334AB4}.Release|x86.Build.0 = Release|Any CPU
	EndGlobalSection
	GlobalSection(SolutionProperties) = preSolution
		HideSolutionNode = FALSE
	EndGlobalSection
	GlobalSection(ExtensibilityGlobals) = postSolution
		SolutionGuid = {8514DBEC-34C6-4115-A7A9-41E5149FB263}
	EndGlobalSection
EndGlobal
