
Microsoft Visual Studio Solution File, Format Version 12.00
# Visual Studio Version 17
VisualStudioVersion = 17.2.32630.192
MinimumVisualStudioVersion = 10.0.40219.1
Project("{FAE04EC0-301F-11D3-BF4B-00C04F79EFBC}") = "TestNETFramework", "TestNETFramework.csproj", "{2A16159A-2BC2-49C1-AD53-B5641A84715B}"
EndProject
Global
	GlobalSection(SolutionConfigurationPlatforms) = preSolution
		Debug|Any CPU = Debug|Any CPU
		Release|Any CPU = Release|Any CPU
	EndGlobalSection
	GlobalSection(ProjectConfigurationPlatforms) = postSolution
		{2A16159A-2BC2-49C1-AD53-B5641A84715B}.Debug|Any CPU.ActiveCfg = Debug|Any CPU
		{2A16159A-2BC2-49C1-AD53-B5641A84715B}.Debug|Any CPU.Build.0 = Debug|Any CPU
		{2A16159A-2BC2-49C1-AD53-B5641A84715B}.Release|Any CPU.ActiveCfg = Release|Any CPU
		{2A16159A-2BC2-49C1-AD53-B5641A84715B}.Release|Any CPU.Build.0 = Release|Any CPU
	EndGlobalSection
	GlobalSection(SolutionProperties) = preSolution
		HideSolutionNode = FALSE
	EndGlobalSection
	GlobalSection(ExtensibilityGlobals) = postSolution
		SolutionGuid = {3E39A835-92CF-4437-AF69-2939E9AA4398}
	EndGlobalSection
EndGlobal
